
Microsoft Visual Studio Solution File, Format Version 12.00
# Visual Studio Version 17
VisualStudioVersion = 17.13.35825.156 d17.13
MinimumVisualStudioVersion = 10.0.40219.1
Project("{FAE04EC0-301F-11D3-BF4B-00C04F79EFBC}") = "EWDesign", "EWDesign\EWDesign.csproj", "{856A0E39-0BEA-459D-B528-3BA6BCEB5F95}"
EndProject
Global
	GlobalSection(SolutionConfigurationPlatforms) = preSolution
		Debug|Any CPU = Debug|Any CPU
		Release|Any CPU = Release|Any CPU
	EndGlobalSection
	GlobalSection(ProjectConfigurationPlatforms) = postSolution
		{856A0E39-0BEA-459D-B528-3BA6BCEB5F95}.Debug|Any CPU.ActiveCfg = Debug|Any CPU
		{856A0E39-0BEA-459D-B528-3BA6BCEB5F95}.Debug|Any CPU.Build.0 = Debug|Any CPU
		{856A0E39-0BEA-459D-B528-3BA6BCEB5F95}.Release|Any CPU.ActiveCfg = Release|Any CPU
		{856A0E39-0BEA-459D-B528-3BA6BCEB5F95}.Release|Any CPU.Build.0 = Release|Any CPU
	EndGlobalSection
	GlobalSection(SolutionProperties) = preSolution
		HideSolutionNode = FALSE
	EndGlobalSection
	GlobalSection(ExtensibilityGlobals) = postSolution
		SolutionGuid = {3F2E3339-BBF8-448D-B15E-D63F06137980}
	EndGlobalSection
EndGlobal
